<Solution>
  <Configurations>
    <Platform Name="Any CPU" />
    <Platform Name="x64" />
    <Platform Name="x86" />
  </Configurations>
  <Folder Name="/Solution Items/">
    <File Path=".env" />
    <File Path="docker-compose.env" />
    <File Path="docker-compose.override.yml" />
    <File Path="docker-compose.yml" />
  </Folder>
  <Project Path="Api/Api.csproj" />
</Solution>

